
Microsoft Visual Studio Solution File, Format Version 12.00
# Visual Studio Version 17
VisualStudioVersion = 17.14.36811.4 d17.14
MinimumVisualStudioVersion = 10.0.40219.1
Project("{FAE04EC0-301F-11D3-BF4B-00C04F79EFBC}") = "WindowsFormsApp1", "WindowsFormsApp1\WindowsFormsApp1.csproj", "{14233FE4-6AC4-40A5-A5B6-93462EED7407}"
EndProject
Global
	GlobalSection(SolutionConfigurationPlatforms) = preSolution
		Debug|Any CPU = Debug|Any CPU
		Release|Any CPU = Release|Any CPU
	EndGlobalSection
	GlobalSection(ProjectConfigurationPlatforms) = postSolution
		{14233FE4-6AC4-40A5-A5B6-93462EED7407}.Debug|Any CPU.ActiveCfg = Debug|Any CPU
		{14233FE4-6AC4-40A5-A5B6-93462EED7407}.Debug|Any CPU.Build.0 = Debug|Any CPU
		{14233FE4-6AC4-40A5-A5B6-93462EED7407}.Release|Any CPU.ActiveCfg = Release|Any CPU
		{14233FE4-6AC4-40A5-A5B6-93462EED7407}.Release|Any CPU.Build.0 = Release|Any CPU
	EndGlobalSection
	GlobalSection(SolutionProperties) = preSolution
		HideSolutionNode = FALSE
	EndGlobalSection
	GlobalSection(ExtensibilityGlobals) = postSolution
		SolutionGuid = {B95916C5-8A36-4735-BE60-DC8B279E05D5}
	EndGlobalSection
EndGlobal
